
Microsoft Visual Studio Solution File, Format Version 12.00
# Visual Studio 15
VisualStudioVersion = 15.0.27130.0
MinimumVisualStudioVersion = 10.0.40219.1
Project("{FAE04EC0-301F-11D3-BF4B-00C04F79EFBC}") = "ConsoleApp9", "ConsoleApp9\ConsoleApp9.csproj", "{E901B2A1-434D-479C-BEBB-4E692599AC46}"
EndProject
Global
	GlobalSection(SolutionConfigurationPlatforms) = preSolution
		Debug|Any CPU = Debug|Any CPU
		Release|Any CPU = Release|Any CPU
	EndGlobalSection
	GlobalSection(ProjectConfigurationPlatforms) = postSolution
		{E901B2A1-434D-479C-BEBB-4E692599AC46}.Debug|Any CPU.ActiveCfg = Debug|Any CPU
		{E901B2A1-434D-479C-BEBB-4E692599AC46}.Debug|Any CPU.Build.0 = Debug|Any CPU
		{E901B2A1-434D-479C-BEBB-4E692599AC46}.Release|Any CPU.ActiveCfg = Release|Any CPU
		{E901B2A1-434D-479C-BEBB-4E692599AC46}.Release|Any CPU.Build.0 = Release|Any CPU
	EndGlobalSection
	GlobalSection(SolutionProperties) = preSolution
		HideSolutionNode = FALSE
	EndGlobalSection
	GlobalSection(ExtensibilityGlobals) = postSolution
		SolutionGuid = {E11F4F50-2A86-4936-89E3-F02E593C66EB}
	EndGlobalSection
EndGlobal
